
Microsoft Visual Studio Solution File, Format Version 12.00
# Visual Studio Version 16
VisualStudioVersion = 16.0.29709.97
MinimumVisualStudioVersion = 10.0.40219.1
Project("{FAE04EC0-301F-11D3-BF4B-00C04F79EFBC}") = "WebApiUsers", "WebApiUsers\WebApiUsers.csproj", "{DFEA4248-5E6F-49F8-A3FC-59BFD29EBB63}"
EndProject
Global
	GlobalSection(SolutionConfigurationPlatforms) = preSolution
		Debug|Any CPU = Debug|Any CPU
		Release|Any CPU = Release|Any CPU
	EndGlobalSection
	GlobalSection(ProjectConfigurationPlatforms) = postSolution
		{DFEA4248-5E6F-49F8-A3FC-59BFD29EBB63}.Debug|Any CPU.ActiveCfg = Debug|Any CPU
		{DFEA4248-5E6F-49F8-A3FC-59BFD29EBB63}.Debug|Any CPU.Build.0 = Debug|Any CPU
		{DFEA4248-5E6F-49F8-A3FC-59BFD29EBB63}.Release|Any CPU.ActiveCfg = Release|Any CPU
		{DFEA4248-5E6F-49F8-A3FC-59BFD29EBB63}.Release|Any CPU.Build.0 = Release|Any CPU
	EndGlobalSection
	GlobalSection(SolutionProperties) = preSolution
		HideSolutionNode = FALSE
	EndGlobalSection
	GlobalSection(ExtensibilityGlobals) = postSolution
		SolutionGuid = {A82A5A4A-29A1-4F6F-B3D6-7298CA01F250}
	EndGlobalSection
EndGlobal
